
Microsoft Visual Studio Solution File, Format Version 12.00
# Visual Studio 15
VisualStudioVersion = 15.0.27004.2009
MinimumVisualStudioVersion = 10.0.40219.1
Project("{FAE04EC0-301F-11D3-BF4B-00C04F79EFBC}") = "Assignment4", "Assignment4\Assignment4.csproj", "{AFBE1CE6-F6D1-4984-B5FE-C7BC39418D9A}"
EndProject
Global
	GlobalSection(SolutionConfigurationPlatforms) = preSolution
		Debug|Any CPU = Debug|Any CPU
		Release|Any CPU = Release|Any CPU
	EndGlobalSection
	GlobalSection(ProjectConfigurationPlatforms) = postSolution
		{AFBE1CE6-F6D1-4984-B5FE-C7BC39418D9A}.Debug|Any CPU.ActiveCfg = Debug|Any CPU
		{AFBE1CE6-F6D1-4984-B5FE-C7BC39418D9A}.Debug|Any CPU.Build.0 = Debug|Any CPU
		{AFBE1CE6-F6D1-4984-B5FE-C7BC39418D9A}.Release|Any CPU.ActiveCfg = Release|Any CPU
		{AFBE1CE6-F6D1-4984-B5FE-C7BC39418D9A}.Release|Any CPU.Build.0 = Release|Any CPU
	EndGlobalSection
	GlobalSection(SolutionProperties) = preSolution
		HideSolutionNode = FALSE
	EndGlobalSection
	GlobalSection(ExtensibilityGlobals) = postSolution
		SolutionGuid = {B1931693-4691-41F8-83C2-A0A0D080C94C}
	EndGlobalSection
EndGlobal
