
Microsoft Visual Studio Solution File, Format Version 12.00
# Visual Studio 15
VisualStudioVersion = 15.0.27004.2009
MinimumVisualStudioVersion = 10.0.40219.1
Project("{FAE04EC0-301F-11D3-BF4B-00C04F79EFBC}") = "Assignment7", "Assignment7\Assignment7.csproj", "{934FC57D-3CF8-48ED-B4D0-6951FF0F3D72}"
EndProject
Global
	GlobalSection(SolutionConfigurationPlatforms) = preSolution
		Debug|Any CPU = Debug|Any CPU
		Release|Any CPU = Release|Any CPU
	EndGlobalSection
	GlobalSection(ProjectConfigurationPlatforms) = postSolution
		{934FC57D-3CF8-48ED-B4D0-6951FF0F3D72}.Debug|Any CPU.ActiveCfg = Debug|Any CPU
		{934FC57D-3CF8-48ED-B4D0-6951FF0F3D72}.Debug|Any CPU.Build.0 = Debug|Any CPU
		{934FC57D-3CF8-48ED-B4D0-6951FF0F3D72}.Release|Any CPU.ActiveCfg = Release|Any CPU
		{934FC57D-3CF8-48ED-B4D0-6951FF0F3D72}.Release|Any CPU.Build.0 = Release|Any CPU
	EndGlobalSection
	GlobalSection(SolutionProperties) = preSolution
		HideSolutionNode = FALSE
	EndGlobalSection
	GlobalSection(ExtensibilityGlobals) = postSolution
		SolutionGuid = {9657041C-6DC5-40A6-B2FA-FD834F7ED03F}
	EndGlobalSection
EndGlobal
