
Microsoft Visual Studio Solution File, Format Version 12.00
# Visual Studio 15
VisualStudioVersion = 15.0.27004.2009
MinimumVisualStudioVersion = 10.0.40219.1
Project("{FAE04EC0-301F-11D3-BF4B-00C04F79EFBC}") = "Assignment5", "Assignment5\Assignment5.csproj", "{715E9DE9-6A71-44D8-A59C-4F460C3E6CF4}"
EndProject
Global
	GlobalSection(SolutionConfigurationPlatforms) = preSolution
		Debug|Any CPU = Debug|Any CPU
		Release|Any CPU = Release|Any CPU
	EndGlobalSection
	GlobalSection(ProjectConfigurationPlatforms) = postSolution
		{715E9DE9-6A71-44D8-A59C-4F460C3E6CF4}.Debug|Any CPU.ActiveCfg = Debug|Any CPU
		{715E9DE9-6A71-44D8-A59C-4F460C3E6CF4}.Debug|Any CPU.Build.0 = Debug|Any CPU
		{715E9DE9-6A71-44D8-A59C-4F460C3E6CF4}.Release|Any CPU.ActiveCfg = Release|Any CPU
		{715E9DE9-6A71-44D8-A59C-4F460C3E6CF4}.Release|Any CPU.Build.0 = Release|Any CPU
	EndGlobalSection
	GlobalSection(SolutionProperties) = preSolution
		HideSolutionNode = FALSE
	EndGlobalSection
	GlobalSection(ExtensibilityGlobals) = postSolution
		SolutionGuid = {CD1FC837-4B16-4285-9E17-8C3F74DBA0E4}
	EndGlobalSection
EndGlobal
